<?xml version="1.0" encoding="utf-8"?>
<Project ToolsVersion="4.0" xmlns="http://schemas.microsoft.com/developer/msbuild/2003">
  <ItemGroup>
    <Filter Include="..">
      <UniqueIdentifier>{61705900-4DFC-870B-B6AA-880BA255880B}</UniqueIdentifier>
    </Filter>
    <Filter Include="..\Hazel">
      <UniqueIdentifier>{24146F37-10E1-C942-39FA-B7EA2526FFD0}</UniqueIdentifier>
    </Filter>
    <Filter Include="..\Hazel\vender">
      <UniqueIdentifier>{B718063F-23A4-7303-2CB5-F6F798BFCF03}</UniqueIdentifier>
    </Filter>
    <Filter Include="..\Hazel\vender\GLFW">
      <UniqueIdentifier>{56DEEF3C-426D-7906-EB8B-8D01D7F989AC}</UniqueIdentifier>
    </Filter>
    <Filter Include="..\Hazel\vender\Glad">
      <UniqueIdentifier>{FE69F03C-EAF8-7906-9317-8E017F858AAC}</UniqueIdentifier>
    </Filter>
    <Filter Include="..\Hazel\vender\imgui">
      <UniqueIdentifier>{619365DD-CDFF-20D8-96F3-B835021F4340}</UniqueIdentifier>
    </Filter>
    <Filter Include="..\Hazel\vender\yaml-cpp">
      <UniqueIdentifier>{493DB5A5-3562-0426-5EAD-E9B54A310344}</UniqueIdentifier>
    </Filter>
    <Filter Include="..\Hazel-Editor">
      <UniqueIdentifier>{5847B032-C4D2-1DF7-CDE3-A0EB39EE79F7}</UniqueIdentifier>
    </Filter>
    <Filter Include="..\Sandbox">
      <UniqueIdentifier>{3F7B6B1D-2B33-AD6A-943A-86C68011485B}</UniqueIdentifier>
    </Filter>
  </ItemGroup>
  <ItemGroup>
    <None Include="..\..\Hazel-Editor\premake5.lua">
      <Filter>..\Hazel-Editor</Filter>
    </None>
    <None Include="..\..\Hazel\premake5.lua">
      <Filter>..\Hazel</Filter>
    </None>
    <None Include="..\..\Hazel\vender\GLFW\premake5.lua">
      <Filter>..\Hazel\vender\GLFW</Filter>
    </None>
    <None Include="..\..\Hazel\vender\Glad\premake5.lua">
      <Filter>..\Hazel\vender\Glad</Filter>
    </None>
    <None Include="..\..\Hazel\vender\imgui\premake5.lua">
      <Filter>..\Hazel\vender\imgui</Filter>
    </None>
    <None Include="..\..\Hazel\vender\yaml-cpp\premake5.lua">
      <Filter>..\Hazel\vender\yaml-cpp</Filter>
    </None>
    <None Include="..\..\Sandbox\premake5.lua">
      <Filter>..\Sandbox</Filter>
    </None>
    <None Include="..\..\premake5.lua">
      <Filter>..</Filter>
    </None>
    <None Include="premake5.lua" />
  </ItemGroup>
</Project>